{
  "version": 4,
  "terraform_version": "0.12.24",
  "serial": 23,
  "lineage": "28deed56-a733-8e1f-b81b-1bfa58b52d03",
  "outputs": {
    "ap-deploy-demo_url": {
      "value": "35.236.7.93:8080",
      "type": "string"
    }
  },
  "resources": [
    {
      "module": "module.gke_cluster",
      "mode": "data",
      "type": "google_client_config",
      "name": "default",
      "provider": "provider.google",
      "instances": [
        {
          "schema_version": 0,
          "attributes": {
            "access_token": "ya29.a0AfH6SMCyDwN82ZyTiQLhoVnA3QgJMkhX0-LVgZXOvgazf4kEn7JHOvWHmF-SfJcPxcFE7sbS8mLui-9w2LGXH8ifQ2ayJbPn7UFXRLgZrdCsat59ewiOT2dAab4MzcBahKwFaHS97hclFBh0HbM95tXAAdFKq8-Dd3OJ3OsjhoGxvjk8PhOInEqPwABJ7PVgE7xbP3q7Fc1myxRclycB00gfC28m4yqCw2Gh_bRO7K9-XtpBjap2HEefHMn0qmdJMofv6A",
            "id": "projects/terraform-demo4/regions/us-west2/zones/",
            "project": "terraform-demo4",
            "region": "us-west2",
            "zone": ""
          }
        }
      ]
    },
    {
      "mode": "data",
      "type": "google_client_config",
      "name": "default",
      "provider": "provider.google",
      "instances": [
        {
          "schema_version": 0,
          "attributes": {
            "access_token": "ya29.a0AfH6SMCyDwN82ZyTiQLhoVnA3QgJMkhX0-LVgZXOvgazf4kEn7JHOvWHmF-SfJcPxcFE7sbS8mLui-9w2LGXH8ifQ2ayJbPn7UFXRLgZrdCsat59ewiOT2dAab4MzcBahKwFaHS97hclFBh0HbM95tXAAdFKq8-Dd3OJ3OsjhoGxvjk8PhOInEqPwABJ7PVgE7xbP3q7Fc1myxRclycB00gfC28m4yqCw2Gh_bRO7K9-XtpBjap2HEefHMn0qmdJMofv6A",
            "id": "projects/terraform-demo4/regions/us-west2/zones/",
            "project": "terraform-demo4",
            "region": "us-west2",
            "zone": ""
          }
        }
      ]
    },
    {
      "module": "module.gke_cluster",
      "mode": "data",
      "type": "google_compute_subnetwork",
      "name": "gke_subnetwork",
      "each": "list",
      "provider": "provider.google",
      "instances": [
        {
          "index_key": 0,
          "schema_version": 0,
          "attributes": {
            "description": "",
            "gateway_address": "10.0.0.1",
            "id": "projects/terraform-demo4/regions/us-west2/subnetworks/gke-demo-subnet",
            "ip_cidr_range": "10.0.0.0/24",
            "name": "gke-demo-subnet",
            "network": "https://www.googleapis.com/compute/v1/projects/terraform-demo4/global/networks/gke-demo",
            "private_ip_google_access": false,
            "project": "terraform-demo4",
            "region": "us-west2",
            "secondary_ip_range": [
              {
                "ip_cidr_range": "10.1.0.0/16",
                "range_name": "gke-demo-ips-pods"
              },
              {
                "ip_cidr_range": "10.2.0.0/20",
                "range_name": "gke-demo-ips-services"
              }
            ],
            "self_link": "https://www.googleapis.com/compute/v1/projects/terraform-demo4/regions/us-west2/subnetworks/gke-demo-subnet"
          }
        }
      ]
    },
    {
      "module": "module.gke_cluster",
      "mode": "data",
      "type": "google_compute_zones",
      "name": "available",
      "provider": "provider.google",
      "instances": [
        {
          "schema_version": 0,
          "attributes": {
            "id": "projects/terraform-demo4/regions/us-west2",
            "names": [
              "us-west2-a",
              "us-west2-b",
              "us-west2-c"
            ],
            "project": "terraform-demo4",
            "region": "us-west2",
            "status": null
          }
        }
      ]
    },
    {
      "module": "module.gke_cluster",
      "mode": "data",
      "type": "google_container_engine_versions",
      "name": "region",
      "provider": "provider.google",
      "instances": [
        {
          "schema_version": 0,
          "attributes": {
            "default_cluster_version": "1.17.17-gke.2800",
            "id": "2021-03-31 03:16:07.355319388 +0000 UTC",
            "latest_master_version": "1.18.16-gke.2100",
            "latest_node_version": "1.18.16-gke.2100",
            "location": "us-west2",
            "project": "terraform-demo4",
            "release_channel_default_version": {
              "RAPID": "1.19.8-gke.1600",
              "REGULAR": "1.18.16-gke.302",
              "STABLE": "1.17.17-gke.2800"
            },
            "valid_master_versions": [
              "1.18.16-gke.2100",
              "1.18.16-gke.1201",
              "1.18.16-gke.502",
              "1.18.16-gke.302",
              "1.18.16-gke.300",
              "1.18.15-gke.1502",
              "1.18.15-gke.1501",
              "1.17.17-gke.4400",
              "1.17.17-gke.3700",
              "1.17.17-gke.3000",
              "1.17.17-gke.2800",
              "1.17.17-gke.1500",
              "1.17.17-gke.1101",
              "1.16.15-gke.12500"
            ],
            "valid_node_versions": [
              "1.18.16-gke.2100",
              "1.18.16-gke.1201",
              "1.18.16-gke.1200",
              "1.18.16-gke.502",
              "1.18.16-gke.500",
              "1.18.16-gke.302",
              "1.18.16-gke.300",
              "1.18.15-gke.2500",
              "1.18.15-gke.1502",
              "1.18.15-gke.1501",
              "1.18.15-gke.1500",
              "1.18.15-gke.1102",
              "1.18.15-gke.1100",
              "1.18.15-gke.800",
              "1.18.14-gke.1600",
              "1.18.14-gke.1200",
              "1.18.12-gke.1210",
              "1.18.12-gke.1206",
              "1.18.12-gke.1205",
              "1.18.12-gke.1201",
              "1.18.12-gke.1200",
              "1.18.12-gke.300",
              "1.18.10-gke.2701",
              "1.18.10-gke.2101",
              "1.18.10-gke.1500",
              "1.18.10-gke.601",
              "1.18.9-gke.2501",
              "1.18.9-gke.1501",
              "1.18.9-gke.801",
              "1.18.6-gke.4801",
              "1.18.6-gke.3504",
              "1.18.6-gke.3503",
              "1.17.17-gke.4400",
              "1.17.17-gke.3700",
              "1.17.17-gke.3000",
              "1.17.17-gke.2800",
              "1.17.17-gke.2500",
              "1.17.17-gke.1500",
              "1.17.17-gke.1101",
              "1.17.17-gke.1100",
              "1.17.17-gke.600",
              "1.17.16-gke.1600",
              "1.17.16-gke.1300",
              "1.17.15-gke.800",
              "1.17.15-gke.300",
              "1.17.14-gke.1600",
              "1.17.14-gke.1200",
              "1.17.14-gke.400",
              "1.17.13-gke.2600",
              "1.17.13-gke.2001",
              "1.17.13-gke.1401",
              "1.17.13-gke.1400",
              "1.17.13-gke.600",
              "1.17.12-gke.2502",
              "1.17.12-gke.1504",
              "1.17.12-gke.1501",
              "1.17.12-gke.500",
              "1.17.9-gke.6300",
              "1.17.9-gke.1504",
              "1.16.15-gke.12500",
              "1.16.15-gke.11800",
              "1.16.15-gke.10600",
              "1.16.15-gke.7801",
              "1.16.15-gke.7800",
              "1.16.15-gke.7300",
              "1.16.15-gke.6900",
              "1.16.15-gke.6000",
              "1.16.15-gke.5500",
              "1.16.15-gke.4901",
              "1.16.15-gke.4301",
              "1.16.15-gke.4300",
              "1.16.15-gke.3500",
              "1.16.15-gke.2601",
              "1.16.15-gke.1600",
              "1.16.15-gke.500",
              "1.16.13-gke.404",
              "1.16.13-gke.403",
              "1.16.13-gke.401",
              "1.16.13-gke.400",
              "1.16.13-gke.1",
              "1.16.11-gke.5",
              "1.16.10-gke.8",
              "1.16.9-gke.6",
              "1.16.9-gke.2",
              "1.16.8-gke.15",
              "1.16.8-gke.12",
              "1.16.8-gke.9",
              "1.15.12-gke.6002",
              "1.15.12-gke.6001",
              "1.15.12-gke.5000",
              "1.15.12-gke.4002",
              "1.15.12-gke.4000",
              "1.15.12-gke.20",
              "1.15.12-gke.17",
              "1.15.12-gke.16",
              "1.15.12-gke.13",
              "1.15.12-gke.9",
              "1.15.12-gke.6",
              "1.15.12-gke.3",
              "1.15.12-gke.2",
              "1.15.11-gke.17",
              "1.15.11-gke.15",
              "1.15.11-gke.13",
              "1.15.11-gke.12",
              "1.15.11-gke.11",
              "1.15.11-gke.9",
              "1.15.11-gke.5",
              "1.15.11-gke.3",
              "1.15.11-gke.1",
              "1.15.9-gke.26",
              "1.15.9-gke.24",
              "1.15.9-gke.22",
              "1.15.9-gke.12",
              "1.15.9-gke.9",
              "1.15.9-gke.8",
              "1.15.8-gke.3",
              "1.15.8-gke.2",
              "1.15.7-gke.23",
              "1.15.7-gke.2",
              "1.15.4-gke.22",
              "1.14.10-gke.1504",
              "1.14.10-gke.902",
              "1.14.10-gke.50",
              "1.14.10-gke.46",
              "1.14.10-gke.45",
              "1.14.10-gke.42",
              "1.14.10-gke.41",
              "1.14.10-gke.40",
              "1.14.10-gke.37",
              "1.14.10-gke.36",
              "1.14.10-gke.34",
              "1.14.10-gke.32",
              "1.14.10-gke.31",
              "1.14.10-gke.27",
              "1.14.10-gke.24",
              "1.14.10-gke.22",
              "1.14.10-gke.21",
              "1.14.10-gke.17",
              "1.14.10-gke.0",
              "1.14.9-gke.23",
              "1.14.9-gke.2",
              "1.14.9-gke.0",
              "1.14.8-gke.33",
              "1.14.8-gke.21",
              "1.14.8-gke.18",
              "1.14.8-gke.17",
              "1.14.8-gke.14",
              "1.14.8-gke.12",
              "1.14.8-gke.7",
              "1.14.8-gke.2",
              "1.14.7-gke.40",
              "1.14.7-gke.25",
              "1.14.7-gke.23",
              "1.14.7-gke.17",
              "1.14.7-gke.14",
              "1.14.7-gke.10",
              "1.14.6-gke.13",
              "1.14.6-gke.2",
              "1.14.6-gke.1",
              "1.14.3-gke.11",
              "1.14.3-gke.10",
              "1.14.3-gke.9",
              "1.14.2-gke.9",
              "1.14.1-gke.5",
              "1.13.12-gke.30",
              "1.13.12-gke.25",
              "1.13.12-gke.17",
              "1.13.12-gke.16",
              "1.13.12-gke.14",
              "1.13.12-gke.13",
              "1.13.12-gke.10",
              "1.13.12-gke.8",
              "1.13.12-gke.4",
              "1.13.12-gke.2",
              "1.13.11-gke.23",
              "1.13.11-gke.15",
              "1.13.11-gke.14",
              "1.13.11-gke.12",
              "1.13.11-gke.11",
              "1.13.11-gke.9",
              "1.13.11-gke.5",
              "1.13.10-gke.7",
              "1.13.10-gke.0",
              "1.13.9-gke.11",
              "1.13.9-gke.3",
              "1.13.7-gke.24",
              "1.13.7-gke.19",
              "1.13.7-gke.15",
              "1.13.7-gke.8",
              "1.13.7-gke.0",
              "1.13.6-gke.13",
              "1.13.6-gke.6",
              "1.13.6-gke.5",
              "1.13.6-gke.0",
              "1.13.5-gke.10",
              "1.12.10-gke.22",
              "1.12.10-gke.20",
              "1.12.10-gke.19",
              "1.12.10-gke.18",
              "1.12.10-gke.17",
              "1.12.10-gke.15",
              "1.12.10-gke.13",
              "1.12.10-gke.11",
              "1.12.10-gke.5",
              "1.12.9-gke.16",
              "1.12.9-gke.15",
              "1.12.9-gke.13",
              "1.12.9-gke.10",
              "1.12.9-gke.7",
              "1.12.9-gke.3",
              "1.12.8-gke.12",
              "1.12.8-gke.10",
              "1.12.8-gke.7",
              "1.12.8-gke.6",
              "1.12.7-gke.26",
              "1.12.7-gke.25",
              "1.12.7-gke.24",
              "1.12.7-gke.22",
              "1.12.7-gke.21",
              "1.12.7-gke.17",
              "1.12.7-gke.10",
              "1.12.7-gke.7",
              "1.12.6-gke.11",
              "1.12.6-gke.10",
              "1.12.6-gke.7",
              "1.12.5-gke.10",
              "1.12.5-gke.5",
              "1.11.10-gke.6",
              "1.11.10-gke.5"
            ],
            "version_prefix": null
          }
        }
      ]
    },
    {
      "module": "module.gke_cluster",
      "mode": "data",
      "type": "google_container_engine_versions",
      "name": "zone",
      "provider": "provider.google",
      "instances": [
        {
          "schema_version": 0,
          "attributes": {
            "default_cluster_version": "1.17.17-gke.2800",
            "id": "2021-03-31 03:16:07.554892779 +0000 UTC",
            "latest_master_version": "1.18.16-gke.2100",
            "latest_node_version": "1.18.16-gke.2100",
            "location": "us-west2-a",
            "project": "terraform-demo4",
            "release_channel_default_version": {
              "RAPID": "1.19.8-gke.1600",
              "REGULAR": "1.18.16-gke.302",
              "STABLE": "1.17.17-gke.2800"
            },
            "valid_master_versions": [
              "1.18.16-gke.2100",
              "1.18.16-gke.1201",
              "1.18.16-gke.502",
              "1.18.16-gke.302",
              "1.18.16-gke.300",
              "1.18.15-gke.1502",
              "1.18.15-gke.1501",
              "1.17.17-gke.4400",
              "1.17.17-gke.3700",
              "1.17.17-gke.3000",
              "1.17.17-gke.2800",
              "1.17.17-gke.1500",
              "1.17.17-gke.1101",
              "1.16.15-gke.12500"
            ],
            "valid_node_versions": [
              "1.18.16-gke.2100",
              "1.18.16-gke.1201",
              "1.18.16-gke.1200",
              "1.18.16-gke.502",
              "1.18.16-gke.500",
              "1.18.16-gke.302",
              "1.18.16-gke.300",
              "1.18.15-gke.2500",
              "1.18.15-gke.1502",
              "1.18.15-gke.1501",
              "1.18.15-gke.1500",
              "1.18.15-gke.1102",
              "1.18.15-gke.1100",
              "1.18.15-gke.800",
              "1.18.14-gke.1600",
              "1.18.14-gke.1200",
              "1.18.12-gke.1210",
              "1.18.12-gke.1206",
              "1.18.12-gke.1205",
              "1.18.12-gke.1201",
              "1.18.12-gke.1200",
              "1.18.12-gke.300",
              "1.18.10-gke.2701",
              "1.18.10-gke.2101",
              "1.18.10-gke.1500",
              "1.18.10-gke.601",
              "1.18.9-gke.2501",
              "1.18.9-gke.1501",
              "1.18.9-gke.801",
              "1.18.6-gke.4801",
              "1.18.6-gke.3504",
              "1.18.6-gke.3503",
              "1.17.17-gke.4400",
              "1.17.17-gke.3700",
              "1.17.17-gke.3000",
              "1.17.17-gke.2800",
              "1.17.17-gke.2500",
              "1.17.17-gke.1500",
              "1.17.17-gke.1101",
              "1.17.17-gke.1100",
              "1.17.17-gke.600",
              "1.17.16-gke.1600",
              "1.17.16-gke.1300",
              "1.17.15-gke.800",
              "1.17.15-gke.300",
              "1.17.14-gke.1600",
              "1.17.14-gke.1200",
              "1.17.14-gke.400",
              "1.17.13-gke.2600",
              "1.17.13-gke.2001",
              "1.17.13-gke.1401",
              "1.17.13-gke.1400",
              "1.17.13-gke.600",
              "1.17.12-gke.2502",
              "1.17.12-gke.1504",
              "1.17.12-gke.1501",
              "1.17.12-gke.500",
              "1.17.9-gke.6300",
              "1.17.9-gke.1504",
              "1.16.15-gke.12500",
              "1.16.15-gke.11800",
              "1.16.15-gke.10600",
              "1.16.15-gke.7801",
              "1.16.15-gke.7800",
              "1.16.15-gke.7300",
              "1.16.15-gke.6900",
              "1.16.15-gke.6000",
              "1.16.15-gke.5500",
              "1.16.15-gke.4901",
              "1.16.15-gke.4301",
              "1.16.15-gke.4300",
              "1.16.15-gke.3500",
              "1.16.15-gke.2601",
              "1.16.15-gke.1600",
              "1.16.15-gke.500",
              "1.16.13-gke.404",
              "1.16.13-gke.403",
              "1.16.13-gke.401",
              "1.16.13-gke.400",
              "1.16.13-gke.1",
              "1.16.11-gke.5",
              "1.16.10-gke.8",
              "1.16.9-gke.6",
              "1.16.9-gke.2",
              "1.16.8-gke.15",
              "1.16.8-gke.12",
              "1.16.8-gke.9",
              "1.15.12-gke.6002",
              "1.15.12-gke.6001",
              "1.15.12-gke.5000",
              "1.15.12-gke.4002",
              "1.15.12-gke.4000",
              "1.15.12-gke.20",
              "1.15.12-gke.17",
              "1.15.12-gke.16",
              "1.15.12-gke.13",
              "1.15.12-gke.9",
              "1.15.12-gke.6",
              "1.15.12-gke.3",
              "1.15.12-gke.2",
              "1.15.11-gke.17",
              "1.15.11-gke.15",
              "1.15.11-gke.13",
              "1.15.11-gke.12",
              "1.15.11-gke.11",
              "1.15.11-gke.9",
              "1.15.11-gke.5",
              "1.15.11-gke.3",
              "1.15.11-gke.1",
              "1.15.9-gke.26",
              "1.15.9-gke.24",
              "1.15.9-gke.22",
              "1.15.9-gke.12",
              "1.15.9-gke.9",
              "1.15.9-gke.8",
              "1.15.8-gke.3",
              "1.15.8-gke.2",
              "1.15.7-gke.23",
              "1.15.7-gke.2",
              "1.15.4-gke.22",
              "1.14.10-gke.1504",
              "1.14.10-gke.902",
              "1.14.10-gke.50",
              "1.14.10-gke.46",
              "1.14.10-gke.45",
              "1.14.10-gke.42",
              "1.14.10-gke.41",
              "1.14.10-gke.40",
              "1.14.10-gke.37",
              "1.14.10-gke.36",
              "1.14.10-gke.34",
              "1.14.10-gke.32",
              "1.14.10-gke.31",
              "1.14.10-gke.27",
              "1.14.10-gke.24",
              "1.14.10-gke.22",
              "1.14.10-gke.21",
              "1.14.10-gke.17",
              "1.14.10-gke.0",
              "1.14.9-gke.23",
              "1.14.9-gke.2",
              "1.14.9-gke.0",
              "1.14.8-gke.33",
              "1.14.8-gke.21",
              "1.14.8-gke.18",
              "1.14.8-gke.17",
              "1.14.8-gke.14",
              "1.14.8-gke.12",
              "1.14.8-gke.7",
              "1.14.8-gke.2",
              "1.14.7-gke.40",
              "1.14.7-gke.25",
              "1.14.7-gke.23",
              "1.14.7-gke.17",
              "1.14.7-gke.14",
              "1.14.7-gke.10",
              "1.14.6-gke.13",
              "1.14.6-gke.2",
              "1.14.6-gke.1",
              "1.14.3-gke.11",
              "1.14.3-gke.10",
              "1.14.3-gke.9",
              "1.14.2-gke.9",
              "1.14.1-gke.5",
              "1.13.12-gke.30",
              "1.13.12-gke.25",
              "1.13.12-gke.17",
              "1.13.12-gke.16",
              "1.13.12-gke.14",
              "1.13.12-gke.13",
              "1.13.12-gke.10",
              "1.13.12-gke.8",
              "1.13.12-gke.4",
              "1.13.12-gke.2",
              "1.13.11-gke.23",
              "1.13.11-gke.15",
              "1.13.11-gke.14",
              "1.13.11-gke.12",
              "1.13.11-gke.11",
              "1.13.11-gke.9",
              "1.13.11-gke.5",
              "1.13.10-gke.7",
              "1.13.10-gke.0",
              "1.13.9-gke.11",
              "1.13.9-gke.3",
              "1.13.7-gke.24",
              "1.13.7-gke.19",
              "1.13.7-gke.15",
              "1.13.7-gke.8",
              "1.13.7-gke.0",
              "1.13.6-gke.13",
              "1.13.6-gke.6",
              "1.13.6-gke.5",
              "1.13.6-gke.0",
              "1.13.5-gke.10",
              "1.12.10-gke.22",
              "1.12.10-gke.20",
              "1.12.10-gke.19",
              "1.12.10-gke.18",
              "1.12.10-gke.17",
              "1.12.10-gke.15",
              "1.12.10-gke.13",
              "1.12.10-gke.11",
              "1.12.10-gke.5",
              "1.12.9-gke.16",
              "1.12.9-gke.15",
              "1.12.9-gke.13",
              "1.12.9-gke.10",
              "1.12.9-gke.7",
              "1.12.9-gke.3",
              "1.12.8-gke.12",
              "1.12.8-gke.10",
              "1.12.8-gke.7",
              "1.12.8-gke.6",
              "1.12.7-gke.26",
              "1.12.7-gke.25",
              "1.12.7-gke.24",
              "1.12.7-gke.22",
              "1.12.7-gke.21",
              "1.12.7-gke.17",
              "1.12.7-gke.10",
              "1.12.7-gke.7",
              "1.12.6-gke.11",
              "1.12.6-gke.10",
              "1.12.6-gke.7",
              "1.12.5-gke.10",
              "1.12.5-gke.5",
              "1.11.10-gke.6",
              "1.11.10-gke.5"
            ],
            "version_prefix": null
          }
        }
      ]
    },
    {
      "mode": "data",
      "type": "http",
      "name": "icanhazip",
      "provider": "provider.http",
      "instances": [
        {
          "schema_version": 0,
          "attributes": {
            "body": "35.231.26.62\n",
            "id": "2021-03-31 03:16:07.199042297 +0000 UTC",
            "request_headers": null,
            "response_headers": {
              "Access-Control-Allow-Methods": "GET",
              "Access-Control-Allow-Origin": "*",
              "Alt-Svc": "h3-27=\":443\"; ma=86400, h3-28=\":443\"; ma=86400, h3-29=\":443\"; ma=86400",
              "Cf-Ray": "63866ac8edc25a63-IAD",
              "Cf-Request-Id": "0927e1118c00005a63aa14c000000001",
              "Content-Length": "13",
              "Content-Type": "text/plain",
              "Date": "Wed, 31 Mar 2021 03:16:07 GMT",
              "Expect-Ct": "max-age=604800, report-uri=\"https://report-uri.cloudflare.com/cdn-cgi/beacon/expect-ct\"",
              "Server": "cloudflare",
              "Set-Cookie": "__cfduid=d98ff5ffcdf0bf4977a5ca8a35704cdaa1617160567; expires=Fri, 30-Apr-21 03:16:07 GMT; path=/; domain=.icanhazip.com; HttpOnly; SameSite=Lax",
              "Vary": "Accept-Encoding",
              "X-Otter": "🦦",
              "X-Rtfm": "Learn about this site at http://bit.ly/icanhazip-faq",
              "X-Thank-You": "Many thanks to the fine people at Cloudflare for keeping this site afloat!"
            },
            "url": "https://icanhazip.com/"
          }
        }
      ]
    },
    {
      "module": "module.gke_cluster",
      "mode": "managed",
      "type": "google_compute_firewall",
      "name": "intra_egress",
      "each": "list",
      "provider": "provider.google",
      "instances": [
        {
          "index_key": 0,
          "schema_version": 1,
          "attributes": {
            "allow": [
              {
                "ports": [],
                "protocol": "ah"
              },
              {
                "ports": [],
                "protocol": "esp"
              },
              {
                "ports": [],
                "protocol": "icmp"
              },
              {
                "ports": [],
                "protocol": "sctp"
              },
              {
                "ports": [],
                "protocol": "tcp"
              },
              {
                "ports": [],
                "protocol": "udp"
              }
            ],
            "creation_timestamp": "2021-03-30T20:23:02.736-07:00",
            "deny": [],
            "description": "Managed by terraform gke module: Allow pods to communicate with each other and the master",
            "destination_ranges": [
              "10.0.0.0/24",
              "10.1.0.0/16",
              "35.236.22.39/32"
            ],
            "direction": "EGRESS",
            "disabled": false,
            "enable_logging": null,
            "id": "projects/terraform-demo4/global/firewalls/gke-terraform-demo4-cluster-u-intra-cluster-egress",
            "log_config": [],
            "name": "gke-terraform-demo4-cluster-u-intra-cluster-egress",
            "network": "https://www.googleapis.com/compute/v1/projects/terraform-demo4/global/networks/gke-demo",
            "priority": 1000,
            "project": "terraform-demo4",
            "self_link": "https://www.googleapis.com/compute/v1/projects/terraform-demo4/global/firewalls/gke-terraform-demo4-cluster-u-intra-cluster-egress",
            "source_ranges": [],
            "source_service_accounts": null,
            "source_tags": null,
            "target_service_accounts": null,
            "target_tags": [
              "gke-terraform-demo4-cluster-us-west2"
            ],
            "timeouts": null
          },
          "private": "eyJlMmJmYjczMC1lY2FhLTExZTYtOGY4OC0zNDM2M2JjN2M0YzAiOnsiY3JlYXRlIjoyNDAwMDAwMDAwMDAsImRlbGV0ZSI6MjQwMDAwMDAwMDAwLCJ1cGRhdGUiOjI0MDAwMDAwMDAwMH0sInNjaGVtYV92ZXJzaW9uIjoiMSJ9",
          "dependencies": [
            "module.gke_cluster.google_container_cluster.primary",
            "module.gke_cluster.google_service_account.cluster_service_account",
            "module.gke_cluster.random_shuffle.available_zones",
            "module.gke_cluster.random_string.cluster_service_account_suffix",
            "module.gke_network.module.subnets.google_compute_subnetwork.subnetwork",
            "module.gke_network.module.vpc.google_compute_network.network"
          ]
        }
      ]
    },
    {
      "module": "module.gke_cluster",
      "mode": "managed",
      "type": "google_compute_firewall",
      "name": "master_webhooks",
      "each": "list",
      "provider": "provider.google",
      "instances": [
        {
          "index_key": 0,
          "schema_version": 1,
          "attributes": {
            "allow": [
              {
                "ports": [
                  "8080"
                ],
                "protocol": "tcp"
              }
            ],
            "creation_timestamp": "2021-03-30T20:23:02.631-07:00",
            "deny": [],
            "description": "Managed by terraform gke module: Allow master to hit pods for admission controllers/webhooks",
            "destination_ranges": [],
            "direction": "INGRESS",
            "disabled": false,
            "enable_logging": null,
            "id": "projects/terraform-demo4/global/firewalls/gke-terraform-demo4-cluster-u-webhooks",
            "log_config": [],
            "name": "gke-terraform-demo4-cluster-u-webhooks",
            "network": "https://www.googleapis.com/compute/v1/projects/terraform-demo4/global/networks/gke-demo",
            "priority": 1000,
            "project": "terraform-demo4",
            "self_link": "https://www.googleapis.com/compute/v1/projects/terraform-demo4/global/firewalls/gke-terraform-demo4-cluster-u-webhooks",
            "source_ranges": [
              "35.236.22.39/32"
            ],
            "source_service_accounts": null,
            "source_tags": null,
            "target_service_accounts": null,
            "target_tags": [
              "gke-terraform-demo4-cluster-us-west2"
            ],
            "timeouts": null
          },
          "private": "eyJlMmJmYjczMC1lY2FhLTExZTYtOGY4OC0zNDM2M2JjN2M0YzAiOnsiY3JlYXRlIjoyNDAwMDAwMDAwMDAsImRlbGV0ZSI6MjQwMDAwMDAwMDAwLCJ1cGRhdGUiOjI0MDAwMDAwMDAwMH0sInNjaGVtYV92ZXJzaW9uIjoiMSJ9",
          "dependencies": [
            "module.gke_cluster.google_container_cluster.primary",
            "module.gke_cluster.google_service_account.cluster_service_account",
            "module.gke_cluster.random_shuffle.available_zones",
            "module.gke_cluster.random_string.cluster_service_account_suffix",
            "module.gke_network.module.subnets.google_compute_subnetwork.subnetwork",
            "module.gke_network.module.vpc.google_compute_network.network"
          ]
        }
      ]
    },
    {
      "module": "module.gke_network.module.vpc",
      "mode": "managed",
      "type": "google_compute_network",
      "name": "network",
      "provider": "provider.google",
      "instances": [
        {
          "schema_version": 0,
          "attributes": {
            "auto_create_subnetworks": false,
            "delete_default_routes_on_create": false,
            "description": "",
            "gateway_ipv4": "",
            "id": "projects/terraform-demo4/global/networks/gke-demo",
            "mtu": 0,
            "name": "gke-demo",
            "project": "terraform-demo4",
            "routing_mode": "GLOBAL",
            "self_link": "https://www.googleapis.com/compute/v1/projects/terraform-demo4/global/networks/gke-demo",
            "timeouts": null
          },
          "private": "eyJlMmJmYjczMC1lY2FhLTExZTYtOGY4OC0zNDM2M2JjN2M0YzAiOnsiY3JlYXRlIjoyNDAwMDAwMDAwMDAsImRlbGV0ZSI6MjQwMDAwMDAwMDAwLCJ1cGRhdGUiOjI0MDAwMDAwMDAwMH19"
        }
      ]
    },
    {
      "module": "module.gke_network.module.routes",
      "mode": "managed",
      "type": "google_compute_route",
      "name": "route",
      "each": "map",
      "provider": "provider.google",
      "instances": []
    },
    {
      "module": "module.gke_network.module.vpc",
      "mode": "managed",
      "type": "google_compute_shared_vpc_host_project",
      "name": "shared_vpc_host",
      "each": "list",
      "provider": "provider.google",
      "instances": []
    },
    {
      "module": "module.gke_network.module.subnets",
      "mode": "managed",
      "type": "google_compute_subnetwork",
      "name": "subnetwork",
      "each": "map",
      "provider": "provider.google",
      "instances": [
        {
          "index_key": "us-west2/gke-demo-subnet",
          "schema_version": 0,
          "attributes": {
            "creation_timestamp": "2021-03-30T20:16:24.293-07:00",
            "description": "",
            "fingerprint": null,
            "gateway_address": "10.0.0.1",
            "id": "projects/terraform-demo4/regions/us-west2/subnetworks/gke-demo-subnet",
            "ip_cidr_range": "10.0.0.0/24",
            "log_config": [],
            "name": "gke-demo-subnet",
            "network": "https://www.googleapis.com/compute/v1/projects/terraform-demo4/global/networks/gke-demo",
            "private_ip_google_access": false,
            "private_ipv6_google_access": "DISABLE_GOOGLE_ACCESS",
            "project": "terraform-demo4",
            "region": "us-west2",
            "secondary_ip_range": [
              {
                "ip_cidr_range": "10.1.0.0/16",
                "range_name": "gke-demo-ips-pods"
              },
              {
                "ip_cidr_range": "10.2.0.0/20",
                "range_name": "gke-demo-ips-services"
              }
            ],
            "self_link": "https://www.googleapis.com/compute/v1/projects/terraform-demo4/regions/us-west2/subnetworks/gke-demo-subnet",
            "timeouts": null
          },
          "private": "eyJlMmJmYjczMC1lY2FhLTExZTYtOGY4OC0zNDM2M2JjN2M0YzAiOnsiY3JlYXRlIjozNjAwMDAwMDAwMDAsImRlbGV0ZSI6MzYwMDAwMDAwMDAwLCJ1cGRhdGUiOjM2MDAwMDAwMDAwMH19",
          "dependencies": [
            "module.gke_network.module.vpc.google_compute_network.network"
          ]
        }
      ]
    },
    {
      "module": "module.gke_cluster",
      "mode": "managed",
      "type": "google_container_cluster",
      "name": "primary",
      "provider": "provider.google",
      "instances": [
        {
          "schema_version": 1,
          "attributes": {
            "addons_config": [
              {
                "cloudrun_config": [],
                "horizontal_pod_autoscaling": [
                  {
                    "disabled": false
                  }
                ],
                "http_load_balancing": [
                  {
                    "disabled": false
                  }
                ],
                "network_policy_config": [
                  {
                    "disabled": false
                  }
                ]
              }
            ],
            "authenticator_groups_config": [],
            "cluster_autoscaling": [
              {
                "auto_provisioning_defaults": [],
                "enabled": false,
                "resource_limits": []
              }
            ],
            "cluster_ipv4_cidr": "10.1.0.0/16",
            "database_encryption": [
              {
                "key_name": "",
                "state": "DECRYPTED"
              }
            ],
            "datapath_provider": "",
            "default_max_pods_per_node": 110,
            "default_snat_status": [
              {
                "disabled": false
              }
            ],
            "description": "GKE Demonstration Serge",
            "enable_binary_authorization": false,
            "enable_intranode_visibility": false,
            "enable_kubernetes_alpha": false,
            "enable_legacy_abac": false,
            "enable_shielded_nodes": false,
            "enable_tpu": false,
            "endpoint": "35.236.22.39",
            "id": "projects/terraform-demo4/locations/us-west2/clusters/terraform-demo4-cluster-us-west2",
            "initial_node_count": 0,
            "instance_group_urls": [],
            "ip_allocation_policy": [
              {
                "cluster_ipv4_cidr_block": "10.1.0.0/16",
                "cluster_secondary_range_name": "gke-demo-ips-pods",
                "services_ipv4_cidr_block": "10.2.0.0/20",
                "services_secondary_range_name": "gke-demo-ips-services"
              }
            ],
            "label_fingerprint": "a9dc16a7",
            "location": "us-west2",
            "logging_service": "logging.googleapis.com/kubernetes",
            "maintenance_policy": [
              {
                "daily_maintenance_window": [
                  {
                    "duration": "PT4H0M0S",
                    "start_time": "05:00"
                  }
                ],
                "maintenance_exclusion": [],
                "recurring_window": []
              }
            ],
            "master_auth": [
              {
                "client_certificate": "",
                "client_certificate_config": [
                  {
                    "issue_client_certificate": false
                  }
                ],
                "client_key": "",
                "cluster_ca_certificate": "LS0tLS1CRUdJTiBDRVJUSUZJQ0FURS0tLS0tCk1JSURLakNDQWhLZ0F3SUJBZ0lRQm1uMHFxSUZHNmdOMVR6cVZXeHpEREFOQmdrcWhraUc5dzBCQVFzRkFEQXYKTVMwd0t3WURWUVFERXlSa01UQmtaamhtTkMweE5qQmhMVFJpWW1ZdFlXSmpaaTB3WkdNMVlXRTBZamcyWXpjdwpIaGNOTWpFd016TXhNREl4TmpRMVdoY05Nall3TXpNd01ETXhOalExV2pBdk1TMHdLd1lEVlFRREV5UmtNVEJrClpqaG1OQzB4TmpCaExUUmlZbVl0WVdKalppMHdaR00xWVdFMFlqZzJZemN3Z2dFaU1BMEdDU3FHU0liM0RRRUIKQVFVQUE0SUJEd0F3Z2dFS0FvSUJBUURaaFFIMm05ZzkvdmRHdUw5bzUzNWxNeWpEYTFISnFucktkZmx2WWJWTQpGZUFDTFFvb3BqWk1JLzVRTEo4UjVqODNZVkVyWWpoeFBQWUVKVFNiSFJiMmtuZUhuQysvZHZZa2ZobVpsdGF1CmtZVW02ejQxRkk5LzFkTndLekRaSTYwREVnV2lMNEc5RmNwazlEbUtkamZXcFJobkJidVQ5ZWFZTER0azBtcnMKKzZPbHRDa2tiQlM5VGJGcHB0VUc5a0w5bE95SFllNlBaS3p6cFRmTWhyZXVNdHowdmgvTXRYUUxYTklDbGlUSApGYmorblZ1R3QvUDNaR1UxRnYzUVk1ZTFuMGZZanJBcVc1djhaTXdKZGp5OHUvNGVsUm9lR0FISVRsV2luWTh4CnIxdmowNHArVk04cTZLZnlVanhNSjU2R2JnbVhUWUlEVDhISkI0dWNpNFFqQWdNQkFBR2pRakJBTUE0R0ExVWQKRHdFQi93UUVBd0lDQkRBUEJnTlZIUk1CQWY4RUJUQURBUUgvTUIwR0ExVWREZ1FXQkJTQWZEZVR2WW1hZTZOdwpaeW9uQVV4cWs0QXorakFOQmdrcWhraUc5dzBCQVFzRkFBT0NBUUVBb0NYb0c4Um1EY05NMFVzeCtSSWhRQnl0CmdLUURCVVBFdjFuUkpBQUdlWGV0RkZTWUdCZDdoNHl3NW1GYWt2VGhmWUdRUkk2YmdWSk1WY2xCK3RSSkVUYlcKN1BMTXk2YmdXSVR1TGxyekF0U2plQ1RrQm82NjRZL05hOCtRNnQ2TEtrMGxPV3kvQlFtYi9KOHlPOTlIMkl6MgpmNnJWc3F4dUYwQXlzeDM5K2c0ZXBDcWRpTFhWWWk3OGFvNlI2eUJDMmxDUzgxN2VIV1lZUzJTaDBaYlg1d2FOCkQ3SklXdWhnd3p4dWdxMTU5ZHU3cW02bzRSZXh6NzQwRTZvMkxpc2Q0ckU3MnJaT0p4R1ZVWVlFMmpUZXNibGcKZFlFRWFqVzhXOGtSdW43clZwMHprMUZqMzRJdEt4d1pvY1J1b2lsdVFvWHZneGJCK0dOWnRTajJKcWVuRUE9PQotLS0tLUVORCBDRVJUSUZJQ0FURS0tLS0tCg==",
                "password": "",
                "username": ""
              }
            ],
            "master_authorized_networks_config": [
              {
                "cidr_blocks": [
                  {
                    "cidr_block": "10.0.0.0/24",
                    "display_name": "VPC"
                  },
                  {
                    "cidr_block": "35.231.26.62/32",
                    "display_name": "Operator"
                  }
                ]
              }
            ],
            "master_version": "1.18.16-gke.302",
            "min_master_version": "1.18.16-gke.302",
            "monitoring_service": "monitoring.googleapis.com/kubernetes",
            "name": "terraform-demo4-cluster-us-west2",
            "network": "projects/terraform-demo4/global/networks/gke-demo",
            "network_policy": [
              {
                "enabled": true,
                "provider": "CALICO"
              }
            ],
            "node_config": [],
            "node_locations": [
              "us-west2-a",
              "us-west2-b",
              "us-west2-c"
            ],
            "node_pool": [],
            "node_version": "1.18.16-gke.302",
            "operation": null,
            "pod_security_policy_config": [],
            "private_cluster_config": [],
            "project": "terraform-demo4",
            "release_channel": [
              {
                "channel": "UNSPECIFIED"
              }
            ],
            "remove_default_node_pool": true,
            "resource_labels": null,
            "resource_usage_export_config": [],
            "self_link": "https://container.googleapis.com/v1beta1/projects/terraform-demo4/locations/us-west2/clusters/terraform-demo4-cluster-us-west2",
            "services_ipv4_cidr": "10.2.0.0/20",
            "subnetwork": "projects/terraform-demo4/regions/us-west2/subnetworks/gke-demo-subnet",
            "timeouts": {
              "create": "45m",
              "delete": "45m",
              "read": null,
              "update": "45m"
            },
            "tpu_ipv4_cidr_block": "",
            "vertical_pod_autoscaling": [],
            "workload_identity_config": []
          },
          "private": "eyJlMmJmYjczMC1lY2FhLTExZTYtOGY4OC0zNDM2M2JjN2M0YzAiOnsiY3JlYXRlIjoyNzAwMDAwMDAwMDAwLCJkZWxldGUiOjI3MDAwMDAwMDAwMDAsInJlYWQiOjI0MDAwMDAwMDAwMDAsInVwZGF0ZSI6MjcwMDAwMDAwMDAwMH0sInNjaGVtYV92ZXJzaW9uIjoiMSJ9",
          "dependencies": [
            "module.gke_cluster.google_service_account.cluster_service_account",
            "module.gke_cluster.random_shuffle.available_zones",
            "module.gke_cluster.random_string.cluster_service_account_suffix",
            "module.gke_network.module.subnets.google_compute_subnetwork.subnetwork",
            "module.gke_network.module.vpc.google_compute_network.network"
          ]
        }
      ]
    },
    {
      "module": "module.gke_cluster",
      "mode": "managed",
      "type": "google_container_node_pool",
      "name": "pools",
      "each": "map",
      "provider": "provider.google",
      "instances": [
        {
          "index_key": "default",
          "schema_version": 1,
          "attributes": {
            "autoscaling": [
              {
                "max_node_count": 1,
                "min_node_count": 1
              }
            ],
            "cluster": "terraform-demo4-cluster-us-west2",
            "id": "projects/terraform-demo4/locations/us-west2/clusters/terraform-demo4-cluster-us-west2/nodePools/default",
            "initial_node_count": 1,
            "instance_group_urls": [
              "https://www.googleapis.com/compute/v1/projects/terraform-demo4/zones/us-west2-a/instanceGroupManagers/gke-terraform-demo4-cluster-u-default-501f263e-grp",
              "https://www.googleapis.com/compute/v1/projects/terraform-demo4/zones/us-west2-b/instanceGroupManagers/gke-terraform-demo4-cluster-u-default-86a1b8df-grp",
              "https://www.googleapis.com/compute/v1/projects/terraform-demo4/zones/us-west2-c/instanceGroupManagers/gke-terraform-demo4-cluster-u-default-be26f749-grp"
            ],
            "location": "us-west2",
            "management": [
              {
                "auto_repair": true,
                "auto_upgrade": true
              }
            ],
            "max_pods_per_node": 110,
            "name": "default",
            "name_prefix": "",
            "node_config": [
              {
                "disk_size_gb": 100,
                "disk_type": "pd-ssd",
                "guest_accelerator": [],
                "image_type": "COS",
                "labels": {
                  "cluster_name": "terraform-demo4-cluster-us-west2",
                  "node_pool": "default"
                },
                "local_ssd_count": 0,
                "machine_type": "e2-medium",
                "metadata": {
                  "cluster_name": "terraform-demo4-cluster-us-west2",
                  "disable-legacy-endpoints": "true",
                  "node_pool": "default"
                },
                "min_cpu_platform": "",
                "oauth_scopes": [
                  "https://www.googleapis.com/auth/devstorage.read_only",
                  "https://www.googleapis.com/auth/logging.write",
                  "https://www.googleapis.com/auth/monitoring",
                  "https://www.googleapis.com/auth/service.management.readonly",
                  "https://www.googleapis.com/auth/servicecontrol",
                  "https://www.googleapis.com/auth/trace.append"
                ],
                "preemptible": false,
                "service_account": "tf-gke-terraform-demo4-pgc9@terraform-demo4.iam.gserviceaccount.com",
                "shielded_instance_config": [
                  {
                    "enable_integrity_monitoring": true,
                    "enable_secure_boot": false
                  }
                ],
                "tags": [
                  "gke-terraform-demo4-cluster-us-west2",
                  "gke-terraform-demo4-cluster-us-west2-default"
                ],
                "taint": [],
                "workload_metadata_config": []
              }
            ],
            "node_count": 1,
            "node_locations": [
              "us-west2-a",
              "us-west2-b",
              "us-west2-c"
            ],
            "operation": null,
            "project": "terraform-demo4",
            "timeouts": {
              "create": "45m",
              "delete": "45m",
              "update": "45m"
            },
            "upgrade_settings": [
              {
                "max_surge": 1,
                "max_unavailable": 0
              }
            ],
            "version": "1.18.16-gke.302"
          },
          "private": "eyJlMmJmYjczMC1lY2FhLTExZTYtOGY4OC0zNDM2M2JjN2M0YzAiOnsiY3JlYXRlIjoyNzAwMDAwMDAwMDAwLCJkZWxldGUiOjI3MDAwMDAwMDAwMDAsInVwZGF0ZSI6MjcwMDAwMDAwMDAwMH0sInNjaGVtYV92ZXJzaW9uIjoiMSJ9",
          "dependencies": [
            "module.gke_cluster.google_container_cluster.primary",
            "module.gke_cluster.google_service_account.cluster_service_account",
            "module.gke_cluster.random_shuffle.available_zones",
            "module.gke_cluster.random_string.cluster_service_account_suffix",
            "module.gke_network.module.subnets.google_compute_subnetwork.subnetwork",
            "module.gke_network.module.vpc.google_compute_network.network"
          ]
        }
      ]
    },
    {
      "module": "module.gke_cluster",
      "mode": "managed",
      "type": "google_project_iam_member",
      "name": "cluster_service_account-gcr",
      "each": "list",
      "provider": "provider.google",
      "instances": [
        {
          "index_key": 0,
          "schema_version": 0,
          "attributes": {
            "condition": [],
            "etag": "BwW+zImiXEI=",
            "id": "terraform-demo4/roles/storage.objectViewer/serviceaccount:tf-gke-terraform-demo4-pgc9@terraform-demo4.iam.gserviceaccount.com",
            "member": "serviceAccount:tf-gke-terraform-demo4-pgc9@terraform-demo4.iam.gserviceaccount.com",
            "project": "terraform-demo4",
            "role": "roles/storage.objectViewer"
          },
          "private": "bnVsbA==",
          "dependencies": [
            "module.gke_cluster.google_service_account.cluster_service_account",
            "module.gke_cluster.random_string.cluster_service_account_suffix"
          ]
        }
      ]
    },
    {
      "module": "module.gke_cluster",
      "mode": "managed",
      "type": "google_project_iam_member",
      "name": "cluster_service_account-log_writer",
      "each": "list",
      "provider": "provider.google",
      "instances": [
        {
          "index_key": 0,
          "schema_version": 0,
          "attributes": {
            "condition": [],
            "etag": "BwW+zImiXEI=",
            "id": "terraform-demo4/roles/logging.logWriter/serviceaccount:tf-gke-terraform-demo4-pgc9@terraform-demo4.iam.gserviceaccount.com",
            "member": "serviceAccount:tf-gke-terraform-demo4-pgc9@terraform-demo4.iam.gserviceaccount.com",
            "project": "terraform-demo4",
            "role": "roles/logging.logWriter"
          },
          "private": "bnVsbA==",
          "dependencies": [
            "module.gke_cluster.google_service_account.cluster_service_account",
            "module.gke_cluster.random_string.cluster_service_account_suffix"
          ]
        }
      ]
    },
    {
      "module": "module.gke_cluster",
      "mode": "managed",
      "type": "google_project_iam_member",
      "name": "cluster_service_account-metric_writer",
      "each": "list",
      "provider": "provider.google",
      "instances": [
        {
          "index_key": 0,
          "schema_version": 0,
          "attributes": {
            "condition": [],
            "etag": "BwW+zIoWYDk=",
            "id": "terraform-demo4/roles/monitoring.metricWriter/serviceaccount:tf-gke-terraform-demo4-pgc9@terraform-demo4.iam.gserviceaccount.com",
            "member": "serviceAccount:tf-gke-terraform-demo4-pgc9@terraform-demo4.iam.gserviceaccount.com",
            "project": "terraform-demo4",
            "role": "roles/monitoring.metricWriter"
          },
          "private": "bnVsbA==",
          "dependencies": [
            "module.gke_cluster.google_project_iam_member.cluster_service_account-log_writer",
            "module.gke_cluster.google_service_account.cluster_service_account",
            "module.gke_cluster.random_string.cluster_service_account_suffix"
          ]
        }
      ]
    },
    {
      "module": "module.gke_cluster",
      "mode": "managed",
      "type": "google_project_iam_member",
      "name": "cluster_service_account-monitoring_viewer",
      "each": "list",
      "provider": "provider.google",
      "instances": [
        {
          "index_key": 0,
          "schema_version": 0,
          "attributes": {
            "condition": [],
            "etag": "BwW+zIqHJqw=",
            "id": "terraform-demo4/roles/monitoring.viewer/serviceaccount:tf-gke-terraform-demo4-pgc9@terraform-demo4.iam.gserviceaccount.com",
            "member": "serviceAccount:tf-gke-terraform-demo4-pgc9@terraform-demo4.iam.gserviceaccount.com",
            "project": "terraform-demo4",
            "role": "roles/monitoring.viewer"
          },
          "private": "bnVsbA==",
          "dependencies": [
            "module.gke_cluster.google_project_iam_member.cluster_service_account-log_writer",
            "module.gke_cluster.google_project_iam_member.cluster_service_account-metric_writer",
            "module.gke_cluster.google_service_account.cluster_service_account",
            "module.gke_cluster.random_string.cluster_service_account_suffix"
          ]
        }
      ]
    },
    {
      "module": "module.gke_cluster",
      "mode": "managed",
      "type": "google_project_iam_member",
      "name": "cluster_service_account-resourceMetadata-writer",
      "each": "list",
      "provider": "provider.google",
      "instances": [
        {
          "index_key": 0,
          "schema_version": 0,
          "attributes": {
            "condition": [],
            "etag": "BwW+zIr4Rn0=",
            "id": "terraform-demo4/roles/stackdriver.resourceMetadata.writer/serviceaccount:tf-gke-terraform-demo4-pgc9@terraform-demo4.iam.gserviceaccount.com",
            "member": "serviceAccount:tf-gke-terraform-demo4-pgc9@terraform-demo4.iam.gserviceaccount.com",
            "project": "terraform-demo4",
            "role": "roles/stackdriver.resourceMetadata.writer"
          },
          "private": "bnVsbA==",
          "dependencies": [
            "module.gke_cluster.google_project_iam_member.cluster_service_account-log_writer",
            "module.gke_cluster.google_project_iam_member.cluster_service_account-metric_writer",
            "module.gke_cluster.google_project_iam_member.cluster_service_account-monitoring_viewer",
            "module.gke_cluster.google_service_account.cluster_service_account",
            "module.gke_cluster.random_string.cluster_service_account_suffix"
          ]
        }
      ]
    },
    {
      "module": "module.gke_cluster",
      "mode": "managed",
      "type": "google_service_account",
      "name": "cluster_service_account",
      "each": "list",
      "provider": "provider.google",
      "instances": [
        {
          "index_key": 0,
          "schema_version": 0,
          "attributes": {
            "account_id": "tf-gke-terraform-demo4-pgc9",
            "description": "",
            "display_name": "Terraform-managed service account for cluster terraform-demo4-cluster-us-west2",
            "email": "tf-gke-terraform-demo4-pgc9@terraform-demo4.iam.gserviceaccount.com",
            "id": "projects/terraform-demo4/serviceAccounts/tf-gke-terraform-demo4-pgc9@terraform-demo4.iam.gserviceaccount.com",
            "name": "projects/terraform-demo4/serviceAccounts/tf-gke-terraform-demo4-pgc9@terraform-demo4.iam.gserviceaccount.com",
            "project": "terraform-demo4",
            "timeouts": null,
            "unique_id": "113255404296228901154"
          },
          "private": "eyJlMmJmYjczMC1lY2FhLTExZTYtOGY4OC0zNDM2M2JjN2M0YzAiOnsiY3JlYXRlIjozMDAwMDAwMDAwMDB9fQ==",
          "dependencies": [
            "module.gke_cluster.random_string.cluster_service_account_suffix"
          ]
        }
      ]
    },
    {
      "module": "module.gke_cluster",
      "mode": "managed",
      "type": "kubernetes_config_map",
      "name": "ip-masq-agent",
      "each": "list",
      "provider": "module.gke_cluster.provider.kubernetes",
      "instances": []
    },
    {
      "module": "module.gke_cluster",
      "mode": "managed",
      "type": "kubernetes_config_map",
      "name": "kube-dns",
      "each": "list",
      "provider": "module.gke_cluster.provider.kubernetes",
      "instances": []
    },
    {
      "module": "module.gke_cluster",
      "mode": "managed",
      "type": "kubernetes_config_map",
      "name": "kube-dns-upstream-nameservers-and-stub-domains",
      "each": "list",
      "provider": "module.gke_cluster.provider.kubernetes",
      "instances": []
    },
    {
      "module": "module.gke_cluster",
      "mode": "managed",
      "type": "kubernetes_config_map",
      "name": "kube-dns-upstream-namservers",
      "each": "list",
      "provider": "module.gke_cluster.provider.kubernetes",
      "instances": []
    },
    {
      "mode": "managed",
      "type": "kubernetes_deployment",
      "name": "app-deploy-demo",
      "provider": "provider.kubernetes",
      "instances": [
        {
          "schema_version": 0,
          "attributes": {
            "id": "gke-demo/app-deploy-demo",
            "metadata": [
              {
                "annotations": null,
                "generate_name": "",
                "generation": 1,
                "labels": {
                  "app": "app-deploy-demo"
                },
                "name": "app-deploy-demo",
                "namespace": "gke-demo",
                "resource_version": "5261",
                "self_link": "/apis/apps/v1/namespaces/gke-demo/deployments/app-deploy-demo",
                "uid": "f001e35d-5379-41d8-ae7c-bf620abb342f"
              }
            ],
            "spec": [
              {
                "min_ready_seconds": 0,
                "paused": false,
                "progress_deadline_seconds": 600,
                "replicas": 3,
                "revision_history_limit": 10,
                "selector": [
                  {
                    "match_expressions": [],
                    "match_labels": {
                      "app": "app-deploy-demo"
                    }
                  }
                ],
                "strategy": [
                  {
                    "rolling_update": [
                      {
                        "max_surge": "25%",
                        "max_unavailable": "25%"
                      }
                    ],
                    "type": "RollingUpdate"
                  }
                ],
                "template": [
                  {
                    "metadata": [
                      {
                        "annotations": null,
                        "generate_name": "",
                        "generation": 0,
                        "labels": {
                          "app": "app-deploy-demo"
                        },
                        "name": "",
                        "namespace": "",
                        "resource_version": "",
                        "self_link": "",
                        "uid": ""
                      }
                    ],
                    "spec": [
                      {
                        "active_deadline_seconds": 0,
                        "affinity": [],
                        "automount_service_account_token": false,
                        "container": [
                          {
                            "args": null,
                            "command": null,
                            "env": [],
                            "env_from": [],
                            "image": "kserge2001/school",
                            "image_pull_policy": "Always",
                            "lifecycle": [],
                            "liveness_probe": [],
                            "name": "app-deploy-demo",
                            "port": [],
                            "readiness_probe": [],
                            "resources": [
                              {
                                "limits": null,
                                "requests": null
                              }
                            ],
                            "security_context": [],
                            "startup_probe": [],
                            "stdin": false,
                            "stdin_once": false,
                            "termination_message_path": "/dev/termination-log",
                            "termination_message_policy": "File",
                            "tty": false,
                            "volume_mount": [],
                            "working_dir": ""
                          }
                        ],
                        "dns_config": [],
                        "dns_policy": "ClusterFirst",
                        "enable_service_links": true,
                        "host_aliases": [],
                        "host_ipc": false,
                        "host_network": false,
                        "host_pid": false,
                        "hostname": "",
                        "image_pull_secrets": [],
                        "init_container": [],
                        "node_name": "",
                        "node_selector": null,
                        "priority_class_name": "",
                        "readiness_gate": [],
                        "restart_policy": "Always",
                        "security_context": [],
                        "service_account_name": "",
                        "share_process_namespace": false,
                        "subdomain": "",
                        "termination_grace_period_seconds": 30,
                        "toleration": [],
                        "volume": []
                      }
                    ]
                  }
                ]
              }
            ],
            "timeouts": null,
            "wait_for_rollout": true
          },
          "private": "eyJlMmJmYjczMC1lY2FhLTExZTYtOGY4OC0zNDM2M2JjN2M0YzAiOnsiY3JlYXRlIjo2MDAwMDAwMDAwMDAsImRlbGV0ZSI6NjAwMDAwMDAwMDAwLCJ1cGRhdGUiOjYwMDAwMDAwMDAwMH19",
          "dependencies": [
            "kubernetes_namespace.gke-demo",
            "module.gke_cluster.google_container_cluster.primary",
            "module.gke_cluster.google_container_node_pool.pools",
            "module.gke_cluster.google_service_account.cluster_service_account",
            "module.gke_cluster.module.gcloud_wait_for_cluster.null_resource.additional_components",
            "module.gke_cluster.module.gcloud_wait_for_cluster.null_resource.gcloud_auth_google_credentials",
            "module.gke_cluster.module.gcloud_wait_for_cluster.null_resource.gcloud_auth_service_account_key_file",
            "module.gke_cluster.module.gcloud_wait_for_cluster.null_resource.run_command",
            "module.gke_cluster.random_shuffle.available_zones",
            "module.gke_cluster.random_string.cluster_service_account_suffix",
            "module.gke_network.module.subnets.google_compute_subnetwork.subnetwork",
            "module.gke_network.module.vpc.google_compute_network.network"
          ]
        }
      ]
    },
    {
      "mode": "managed",
      "type": "kubernetes_namespace",
      "name": "gke-demo",
      "provider": "provider.kubernetes",
      "instances": [
        {
          "schema_version": 0,
          "attributes": {
            "id": "gke-demo",
            "metadata": [
              {
                "annotations": null,
                "generate_name": "",
                "generation": 0,
                "labels": null,
                "name": "gke-demo",
                "resource_version": "4952",
                "self_link": "/api/v1/namespaces/gke-demo",
                "uid": "b74545ea-5b8e-4ee6-adb3-8e504ceb440d"
              }
            ],
            "timeouts": null
          },
          "private": "eyJlMmJmYjczMC1lY2FhLTExZTYtOGY4OC0zNDM2M2JjN2M0YzAiOnsiZGVsZXRlIjozMDAwMDAwMDAwMDB9fQ==",
          "dependencies": [
            "module.gke_cluster.google_container_cluster.primary",
            "module.gke_cluster.google_container_node_pool.pools",
            "module.gke_cluster.google_service_account.cluster_service_account",
            "module.gke_cluster.module.gcloud_wait_for_cluster.null_resource.additional_components",
            "module.gke_cluster.module.gcloud_wait_for_cluster.null_resource.gcloud_auth_google_credentials",
            "module.gke_cluster.module.gcloud_wait_for_cluster.null_resource.gcloud_auth_service_account_key_file",
            "module.gke_cluster.module.gcloud_wait_for_cluster.null_resource.run_command",
            "module.gke_cluster.random_shuffle.available_zones",
            "module.gke_cluster.random_string.cluster_service_account_suffix",
            "module.gke_network.module.subnets.google_compute_subnetwork.subnetwork",
            "module.gke_network.module.vpc.google_compute_network.network"
          ]
        }
      ]
    },
    {
      "mode": "managed",
      "type": "kubernetes_service",
      "name": "app-deploy-service",
      "provider": "provider.kubernetes",
      "instances": [
        {
          "schema_version": 0,
          "attributes": {
            "id": "gke-demo/app-deploy-service",
            "load_balancer_ingress": [
              {
                "hostname": "",
                "ip": "35.236.7.93"
              }
            ],
            "metadata": [
              {
                "annotations": null,
                "generate_name": "",
                "generation": 0,
                "labels": null,
                "name": "app-deploy-service",
                "namespace": "gke-demo",
                "resource_version": "6219",
                "self_link": "/api/v1/namespaces/gke-demo/services/app-deploy-service",
                "uid": "435eeec5-9c1a-4612-8978-67a9bcc269ec"
              }
            ],
            "spec": [
              {
                "cluster_ip": "10.2.12.133",
                "external_ips": null,
                "external_name": "",
                "external_traffic_policy": "Cluster",
                "health_check_node_port": 0,
                "load_balancer_ip": "",
                "load_balancer_source_ranges": null,
                "port": [
                  {
                    "name": "",
                    "node_port": 31984,
                    "port": 8080,
                    "protocol": "TCP",
                    "target_port": "8080"
                  }
                ],
                "publish_not_ready_addresses": false,
                "selector": {
                  "app": "app-deploy-demo"
                },
                "session_affinity": "None",
                "type": "LoadBalancer"
              }
            ],
            "timeouts": null
          },
          "private": "eyJlMmJmYjczMC1lY2FhLTExZTYtOGY4OC0zNDM2M2JjN2M0YzAiOnsiY3JlYXRlIjo2MDAwMDAwMDAwMDB9fQ==",
          "dependencies": [
            "kubernetes_deployment.app-deploy-demo",
            "kubernetes_namespace.gke-demo",
            "module.gke_cluster.google_container_cluster.primary",
            "module.gke_cluster.google_container_node_pool.pools",
            "module.gke_cluster.google_service_account.cluster_service_account",
            "module.gke_cluster.module.gcloud_wait_for_cluster.null_resource.additional_components",
            "module.gke_cluster.module.gcloud_wait_for_cluster.null_resource.gcloud_auth_google_credentials",
            "module.gke_cluster.module.gcloud_wait_for_cluster.null_resource.gcloud_auth_service_account_key_file",
            "module.gke_cluster.module.gcloud_wait_for_cluster.null_resource.run_command",
            "module.gke_cluster.random_shuffle.available_zones",
            "module.gke_cluster.random_string.cluster_service_account_suffix",
            "module.gke_network.module.subnets.google_compute_subnetwork.subnetwork",
            "module.gke_network.module.vpc.google_compute_network.network"
          ]
        }
      ]
    },
    {
      "module": "module.gke_cluster.module.gcloud_wait_for_cluster",
      "mode": "managed",
      "type": "null_resource",
      "name": "additional_components",
      "each": "list",
      "provider": "provider.null",
      "instances": []
    },
    {
      "module": "module.gke_cluster.module.gcloud_delete_default_kube_dns_configmap",
      "mode": "managed",
      "type": "null_resource",
      "name": "additional_components",
      "each": "list",
      "provider": "provider.null",
      "instances": []
    },
    {
      "module": "module.gke_cluster.module.gcloud_wait_for_cluster",
      "mode": "managed",
      "type": "null_resource",
      "name": "additional_components_destroy",
      "each": "list",
      "provider": "provider.null",
      "instances": []
    },
    {
      "module": "module.gke_cluster.module.gcloud_delete_default_kube_dns_configmap",
      "mode": "managed",
      "type": "null_resource",
      "name": "additional_components_destroy",
      "each": "list",
      "provider": "provider.null",
      "instances": []
    },
    {
      "module": "module.gke_cluster.module.gcloud_wait_for_cluster",
      "mode": "managed",
      "type": "null_resource",
      "name": "decompress",
      "each": "list",
      "provider": "provider.null",
      "instances": []
    },
    {
      "module": "module.gke_cluster.module.gcloud_delete_default_kube_dns_configmap",
      "mode": "managed",
      "type": "null_resource",
      "name": "decompress",
      "each": "list",
      "provider": "provider.null",
      "instances": []
    },
    {
      "module": "module.gke_cluster.module.gcloud_wait_for_cluster",
      "mode": "managed",
      "type": "null_resource",
      "name": "decompress_destroy",
      "each": "list",
      "provider": "provider.null",
      "instances": []
    },
    {
      "module": "module.gke_cluster.module.gcloud_delete_default_kube_dns_configmap",
      "mode": "managed",
      "type": "null_resource",
      "name": "decompress_destroy",
      "each": "list",
      "provider": "provider.null",
      "instances": []
    },
    {
      "module": "module.gke_cluster.module.gcloud_wait_for_cluster",
      "mode": "managed",
      "type": "null_resource",
      "name": "download_gcloud",
      "each": "list",
      "provider": "provider.null",
      "instances": []
    },
    {
      "module": "module.gke_cluster.module.gcloud_delete_default_kube_dns_configmap",
      "mode": "managed",
      "type": "null_resource",
      "name": "download_gcloud",
      "each": "list",
      "provider": "provider.null",
      "instances": []
    },
    {
      "module": "module.gke_cluster.module.gcloud_wait_for_cluster",
      "mode": "managed",
      "type": "null_resource",
      "name": "download_jq",
      "each": "list",
      "provider": "provider.null",
      "instances": []
    },
    {
      "module": "module.gke_cluster.module.gcloud_delete_default_kube_dns_configmap",
      "mode": "managed",
      "type": "null_resource",
      "name": "download_jq",
      "each": "list",
      "provider": "provider.null",
      "instances": []
    },
    {
      "module": "module.gke_cluster.module.gcloud_wait_for_cluster",
      "mode": "managed",
      "type": "null_resource",
      "name": "gcloud_auth_google_credentials",
      "each": "list",
      "provider": "provider.null",
      "instances": []
    },
    {
      "module": "module.gke_cluster.module.gcloud_delete_default_kube_dns_configmap",
      "mode": "managed",
      "type": "null_resource",
      "name": "gcloud_auth_google_credentials",
      "each": "list",
      "provider": "provider.null",
      "instances": []
    },
    {
      "module": "module.gke_cluster.module.gcloud_wait_for_cluster",
      "mode": "managed",
      "type": "null_resource",
      "name": "gcloud_auth_google_credentials_destroy",
      "each": "list",
      "provider": "provider.null",
      "instances": []
    },
    {
      "module": "module.gke_cluster.module.gcloud_delete_default_kube_dns_configmap",
      "mode": "managed",
      "type": "null_resource",
      "name": "gcloud_auth_google_credentials_destroy",
      "each": "list",
      "provider": "provider.null",
      "instances": []
    },
    {
      "module": "module.gke_cluster.module.gcloud_wait_for_cluster",
      "mode": "managed",
      "type": "null_resource",
      "name": "gcloud_auth_service_account_key_file",
      "each": "list",
      "provider": "provider.null",
      "instances": []
    },
    {
      "module": "module.gke_cluster.module.gcloud_delete_default_kube_dns_configmap",
      "mode": "managed",
      "type": "null_resource",
      "name": "gcloud_auth_service_account_key_file",
      "each": "list",
      "provider": "provider.null",
      "instances": []
    },
    {
      "module": "module.gke_cluster.module.gcloud_wait_for_cluster",
      "mode": "managed",
      "type": "null_resource",
      "name": "gcloud_auth_service_account_key_file_destroy",
      "each": "list",
      "provider": "provider.null",
      "instances": []
    },
    {
      "module": "module.gke_cluster.module.gcloud_delete_default_kube_dns_configmap",
      "mode": "managed",
      "type": "null_resource",
      "name": "gcloud_auth_service_account_key_file_destroy",
      "each": "list",
      "provider": "provider.null",
      "instances": []
    },
    {
      "module": "module.gke_cluster.module.gcloud_wait_for_cluster",
      "mode": "managed",
      "type": "null_resource",
      "name": "module_depends_on",
      "each": "list",
      "provider": "provider.null",
      "instances": [
        {
          "index_key": 0,
          "schema_version": 0,
          "attributes": {
            "id": "732825605976313812",
            "triggers": {
              "value": "2"
            }
          },
          "private": "bnVsbA==",
          "dependencies": [
            "module.gke_cluster.google_container_cluster.primary",
            "module.gke_cluster.google_container_node_pool.pools",
            "module.gke_cluster.google_service_account.cluster_service_account",
            "module.gke_cluster.random_shuffle.available_zones",
            "module.gke_cluster.random_string.cluster_service_account_suffix",
            "module.gke_network.module.subnets.google_compute_subnetwork.subnetwork",
            "module.gke_network.module.vpc.google_compute_network.network"
          ]
        }
      ]
    },
    {
      "module": "module.gke_cluster.module.gcloud_delete_default_kube_dns_configmap",
      "mode": "managed",
      "type": "null_resource",
      "name": "module_depends_on",
      "each": "list",
      "provider": "provider.null",
      "instances": [
        {
          "index_key": 0,
          "schema_version": 0,
          "attributes": {
            "id": "9090583582093164001",
            "triggers": {
              "value": "3"
            }
          },
          "private": "bnVsbA==",
          "dependencies": [
            "module.gke_cluster.google_container_cluster.primary",
            "module.gke_cluster.google_container_node_pool.pools",
            "module.gke_cluster.google_service_account.cluster_service_account",
            "module.gke_cluster.random_shuffle.available_zones",
            "module.gke_cluster.random_string.cluster_service_account_suffix",
            "module.gke_network.module.subnets.google_compute_subnetwork.subnetwork",
            "module.gke_network.module.vpc.google_compute_network.network"
          ]
        }
      ]
    },
    {
      "module": "module.gke_cluster.module.gcloud_wait_for_cluster",
      "mode": "managed",
      "type": "null_resource",
      "name": "prepare_cache",
      "each": "list",
      "provider": "provider.null",
      "instances": []
    },
    {
      "module": "module.gke_cluster.module.gcloud_delete_default_kube_dns_configmap",
      "mode": "managed",
      "type": "null_resource",
      "name": "prepare_cache",
      "each": "list",
      "provider": "provider.null",
      "instances": []
    },
    {
      "module": "module.gke_cluster.module.gcloud_wait_for_cluster",
      "mode": "managed",
      "type": "null_resource",
      "name": "run_command",
      "each": "list",
      "provider": "provider.null",
      "instances": []
    },
    {
      "module": "module.gke_cluster.module.gcloud_delete_default_kube_dns_configmap",
      "mode": "managed",
      "type": "null_resource",
      "name": "run_command",
      "each": "list",
      "provider": "provider.null",
      "instances": []
    },
    {
      "module": "module.gke_cluster.module.gcloud_wait_for_cluster",
      "mode": "managed",
      "type": "null_resource",
      "name": "upgrade",
      "each": "list",
      "provider": "provider.null",
      "instances": []
    },
    {
      "module": "module.gke_cluster.module.gcloud_delete_default_kube_dns_configmap",
      "mode": "managed",
      "type": "null_resource",
      "name": "upgrade",
      "each": "list",
      "provider": "provider.null",
      "instances": []
    },
    {
      "module": "module.gke_cluster.module.gcloud_wait_for_cluster",
      "mode": "managed",
      "type": "null_resource",
      "name": "upgrade_destroy",
      "each": "list",
      "provider": "provider.null",
      "instances": []
    },
    {
      "module": "module.gke_cluster.module.gcloud_delete_default_kube_dns_configmap",
      "mode": "managed",
      "type": "null_resource",
      "name": "upgrade_destroy",
      "each": "list",
      "provider": "provider.null",
      "instances": []
    },
    {
      "module": "module.gke_cluster.module.gcloud_wait_for_cluster",
      "mode": "managed",
      "type": "random_id",
      "name": "cache",
      "provider": "provider.random",
      "instances": [
        {
          "schema_version": 0,
          "attributes": {
            "b64_std": "7/jdWA==",
            "b64_url": "7_jdWA",
            "byte_length": 4,
            "dec": "4026064216",
            "hex": "eff8dd58",
            "id": "7_jdWA",
            "keepers": null,
            "prefix": null
          },
          "private": "bnVsbA=="
        }
      ]
    },
    {
      "module": "module.gke_cluster.module.gcloud_delete_default_kube_dns_configmap",
      "mode": "managed",
      "type": "random_id",
      "name": "cache",
      "provider": "provider.random",
      "instances": [
        {
          "schema_version": 0,
          "attributes": {
            "b64_std": "oWL/CA==",
            "b64_url": "oWL_CA",
            "byte_length": 4,
            "dec": "2707619592",
            "hex": "a162ff08",
            "id": "oWL_CA",
            "keepers": null,
            "prefix": null
          },
          "private": "bnVsbA=="
        }
      ]
    },
    {
      "module": "module.gke_cluster",
      "mode": "managed",
      "type": "random_shuffle",
      "name": "available_zones",
      "provider": "provider.random",
      "instances": [
        {
          "schema_version": 0,
          "attributes": {
            "id": "-",
            "input": [
              "us-west2-a",
              "us-west2-b",
              "us-west2-c"
            ],
            "keepers": null,
            "result": [
              "us-west2-b",
              "us-west2-a",
              "us-west2-c"
            ],
            "result_count": 3,
            "seed": null
          },
          "private": "bnVsbA=="
        }
      ]
    },
    {
      "module": "module.gke_cluster",
      "mode": "managed",
      "type": "random_string",
      "name": "cluster_service_account_suffix",
      "provider": "provider.random",
      "instances": [
        {
          "schema_version": 1,
          "attributes": {
            "id": "pgc9",
            "keepers": null,
            "length": 4,
            "lower": true,
            "min_lower": 0,
            "min_numeric": 0,
            "min_special": 0,
            "min_upper": 0,
            "number": true,
            "override_special": null,
            "result": "pgc9",
            "special": false,
            "upper": false
          },
          "private": "eyJzY2hlbWFfdmVyc2lvbiI6IjEifQ=="
        }
      ]
    }
  ]
}
